
Microsoft Visual Studio Solution File, Format Version 12.00
# Visual Studio 2012
Project("{8BC9CEB8-8B4A-11D0-8D11-00A0C91BC942}") = "C08_PC06", "C08_PC06.vcxproj", "{E1275A0D-D8C4-4FD2-87D6-A65F82D1E67B}"
EndProject
Global
	GlobalSection(SolutionConfigurationPlatforms) = preSolution
		Debug|Win32 = Debug|Win32
		Release|Win32 = Release|Win32
	EndGlobalSection
	GlobalSection(ProjectConfigurationPlatforms) = postSolution
		{E1275A0D-D8C4-4FD2-87D6-A65F82D1E67B}.Debug|Win32.ActiveCfg = Debug|Win32
		{E1275A0D-D8C4-4FD2-87D6-A65F82D1E67B}.Debug|Win32.Build.0 = Debug|Win32
		{E1275A0D-D8C4-4FD2-87D6-A65F82D1E67B}.Release|Win32.ActiveCfg = Release|Win32
		{E1275A0D-D8C4-4FD2-87D6-A65F82D1E67B}.Release|Win32.Build.0 = Release|Win32
	EndGlobalSection
	GlobalSection(SolutionProperties) = preSolution
		HideSolutionNode = FALSE
	EndGlobalSection
EndGlobal
